PODS:
  - Alamofire (4.4.0)
  - MASShortcut (2.3.6)
  - Sonar (0.0.1):
    - Alamofire (~> 4.4.0)
  - Sparkle (1.17.0)

DEPENDENCIES:
  - MASShortcut
  - Sonar (from `https://github.com/br1sk/Sonar.git`)
  - Sparkle

EXTERNAL SOURCES:
  Sonar:
    :git: https://github.com/br1sk/Sonar.git

CHECKOUT OPTIONS:
  Sonar:
    :commit: 48b65e9b95bbcee1b36affc34dd878b276499187
    :git: https://github.com/br1sk/Sonar.git

SPEC CHECKSUMS:
  Alamofire: dc44b1600b800eb63da6a19039a0083d62a6a62d
  MASShortcut: 9c215e8a8a78f3d01ce56da48e2730ab66b538fa
  Sonar: edb54e18872e0d23052f60e453edef60ba4ac5fa
  Sparkle: ccfb47699feea7b40b51cf3176f69404e5b1da6c

PODFILE CHECKSUM: 3d8cc2639b56933dd7d8bc76c9b1a282eb0f4172

COCOAPODS: 1.2.1
